{
  "name": "hugo_blog",
  "lockfileVersion": 2,
  "requires": true,
  "packages": {
    "": {
      "dependencies": {
        "echarts": "^5.6.0",
        "echarts-wordcloud": "^2.1.0",
        "lunr": "^2.3.9"
      },
      "devDependencies": {
        "wordcloud": "^1.2.3",
        "wordcloud2": "^1.0.0"
      }
    },
    "node_modules/echarts": {
      "version": "5.6.0",
      "resolved": "https://registry.npmjs.org/echarts/-/echarts-5.6.0.tgz",
      "integrity": "sha512-oTbVTsXfKuEhxftHqL5xprgLoc0k7uScAwtryCgWF6hPYFLRwOUHiFmHGCBKP5NPFNkDVopOieyUqYGH8Fa3kA==",
      "dependencies": {
        "tslib": "2.3.0",
        "zrender": "5.6.1"
      }
    },
    "node_modules/echarts-wordcloud": {
      "version": "2.1.0",
      "resolved": "https://registry.npmjs.org/echarts-wordcloud/-/echarts-wordcloud-2.1.0.tgz",
      "integrity": "sha512-Kt1JmbcROgb+3IMI48KZECK2AP5lG6bSsOEs+AsuwaWJxQom31RTNd6NFYI01E/YaI1PFZeueaupjlmzSQasjQ==",
      "peerDependencies": {
        "echarts": "^5.0.1"
      }
    },
    "node_modules/lunr": {
      "version": "2.3.9",
      "resolved": "https://registry.npmjs.org/lunr/-/lunr-2.3.9.tgz",
      "integrity": "sha512-zTU3DaZaF3Rt9rhN3uBMGQD3dD2/vFQqnvZCDv4dl5iOzq2IZQqTxu90r4E5J+nP70J3ilqVCrbho2eWaeW8Ow=="
    },
    "node_modules/tslib": {
      "version": "2.3.0",
      "resolved": "https://registry.npmjs.org/tslib/-/tslib-2.3.0.tgz",
      "integrity": "sha512-N82ooyxVNm6h1riLCoyS9e3fuJ3AMG2zIZs2Gd1ATcSFjSA23Q0fzjjZeh0jbJvWVDZ0cJT8yaNNaaXHzueNjg=="
    },
    "node_modules/wordcloud": {
      "version": "1.2.3",
      "resolved": "https://registry.npmjs.org/wordcloud/-/wordcloud-1.2.3.tgz",
      "integrity": "sha512-9by77b7Sd9e1K75kSmVeAD+JnGpiLR1Z4EX1mYQL91jKrU1/4bHw4h4DExQ+dzfT+PvihDcH7OS7V4Y5UkbF2w==",
      "dev": true
    },
    "node_modules/wordcloud2": {
      "version": "1.0.0",
      "resolved": "https://registry.npmjs.org/wordcloud2/-/wordcloud2-1.0.0.tgz",
      "integrity": "sha512-j3tpY4BfCM9gr5mhkAridY3lsY2etT1uWeZKzLpfqygkT8GPX4s+ArLq1b2ve9MtPeII2UyD8v2cVPI/h5v7Pw==",
      "dev": true
    },
    "node_modules/zrender": {
      "version": "5.6.1",
      "resolved": "https://registry.npmjs.org/zrender/-/zrender-5.6.1.tgz",
      "integrity": "sha512-OFXkDJKcrlx5su2XbzJvj/34Q3m6PvyCZkVPHGYpcCJ52ek4U/ymZyfuV1nKE23AyBJ51E/6Yr0mhZ7xGTO4ag==",
      "dependencies": {
        "tslib": "2.3.0"
      }
    }
  },
  "dependencies": {
    "echarts": {
      "version": "5.6.0",
      "resolved": "https://registry.npmjs.org/echarts/-/echarts-5.6.0.tgz",
      "integrity": "sha512-oTbVTsXfKuEhxftHqL5xprgLoc0k7uScAwtryCgWF6hPYFLRwOUHiFmHGCBKP5NPFNkDVopOieyUqYGH8Fa3kA==",
      "requires": {
        "tslib": "2.3.0",
        "zrender": "5.6.1"
      }
    },
    "echarts-wordcloud": {
      "version": "2.1.0",
      "resolved": "https://registry.npmjs.org/echarts-wordcloud/-/echarts-wordcloud-2.1.0.tgz",
      "integrity": "sha512-Kt1JmbcROgb+3IMI48KZECK2AP5lG6bSsOEs+AsuwaWJxQom31RTNd6NFYI01E/YaI1PFZeueaupjlmzSQasjQ==",
      "requires": {}
    },
    "lunr": {
      "version": "2.3.9",
      "resolved": "https://registry.npmjs.org/lunr/-/lunr-2.3.9.tgz",
      "integrity": "sha512-zTU3DaZaF3Rt9rhN3uBMGQD3dD2/vFQqnvZCDv4dl5iOzq2IZQqTxu90r4E5J+nP70J3ilqVCrbho2eWaeW8Ow=="
    },
    "tslib": {
      "version": "2.3.0",
      "resolved": "https://registry.npmjs.org/tslib/-/tslib-2.3.0.tgz",
      "integrity": "sha512-N82ooyxVNm6h1riLCoyS9e3fuJ3AMG2zIZs2Gd1ATcSFjSA23Q0fzjjZeh0jbJvWVDZ0cJT8yaNNaaXHzueNjg=="
    },
    "wordcloud": {
      "version": "1.2.3",
      "resolved": "https://registry.npmjs.org/wordcloud/-/wordcloud-1.2.3.tgz",
      "integrity": "sha512-9by77b7Sd9e1K75kSmVeAD+JnGpiLR1Z4EX1mYQL91jKrU1/4bHw4h4DExQ+dzfT+PvihDcH7OS7V4Y5UkbF2w==",
      "dev": true
    },
    "wordcloud2": {
      "version": "1.0.0",
      "resolved": "https://registry.npmjs.org/wordcloud2/-/wordcloud2-1.0.0.tgz",
      "integrity": "sha512-j3tpY4BfCM9gr5mhkAridY3lsY2etT1uWeZKzLpfqygkT8GPX4s+ArLq1b2ve9MtPeII2UyD8v2cVPI/h5v7Pw==",
      "dev": true
    },
    "zrender": {
      "version": "5.6.1",
      "resolved": "https://registry.npmjs.org/zrender/-/zrender-5.6.1.tgz",
      "integrity": "sha512-OFXkDJKcrlx5su2XbzJvj/34Q3m6PvyCZkVPHGYpcCJ52ek4U/ymZyfuV1nKE23AyBJ51E/6Yr0mhZ7xGTO4ag==",
      "requires": {
        "tslib": "2.3.0"
      }
    }
  }
}
